
Microsoft Visual Studio Solution File, Format Version 12.00
# Visual Studio Version 17
VisualStudioVersion = 17.8.34511.84
MinimumVisualStudioVersion = 10.0.40219.1
Project("{9A19103F-16F7-4668-BE54-9A1E7A4F7556}") = "WhiteLagoon.Web", "WhiteLagoon.Web\WhiteLagoon.Web.csproj", "{8259AA21-9A74-4382-A645-6515984F9204}"
EndProject
Project("{9A19103F-16F7-4668-BE54-9A1E7A4F7556}") = "WhiteLagoon.Domain", "WhiteLagoon.Domain\WhiteLagoon.Domain.csproj", "{9BDFF73A-A81F-4CAD-ACDB-AACB8E37D6B7}"
EndProject
Project("{9A19103F-16F7-4668-BE54-9A1E7A4F7556}") = "WhiteLagoon.Application", "WhiteLagoon.Application\WhiteLagoon.Application.csproj", "{136EDABC-5348-42D9-8A6B-A695126E38AE}"
EndProject
Project("{9A19103F-16F7-4668-BE54-9A1E7A4F7556}") = "WhiteLagoon.Infrastructure", "WhiteLagoon.Infrastructure\WhiteLagoon.Infrastructure.csproj", "{964C680F-D4C8-422E-8621-26ED801AE19C}"
EndProject
Project("{2150E333-8FDC-42A3-9474-1A3956D46DE8}") = "Projektmappenelemente", "Projektmappenelemente", "{B87C035D-FA20-4F87-AD1C-1AE6E5546550}"
	ProjectSection(SolutionItems) = preProject
		.gitignore = .gitignore
	EndProjectSection
EndProject
Global
	GlobalSection(SolutionConfigurationPlatforms) = preSolution
		Debug|Any CPU = Debug|Any CPU
		Release|Any CPU = Release|Any CPU
	EndGlobalSection
	GlobalSection(ProjectConfigurationPlatforms) = postSolution
		{8259AA21-9A74-4382-A645-6515984F9204}.Debug|Any CPU.ActiveCfg = Debug|Any CPU
		{8259AA21-9A74-4382-A645-6515984F9204}.Debug|Any CPU.Build.0 = Debug|Any CPU
		{8259AA21-9A74-4382-A645-6515984F9204}.Release|Any CPU.ActiveCfg = Release|Any CPU
		{8259AA21-9A74-4382-A645-6515984F9204}.Release|Any CPU.Build.0 = Release|Any CPU
		{9BDFF73A-A81F-4CAD-ACDB-AACB8E37D6B7}.Debug|Any CPU.ActiveCfg = Debug|Any CPU
		{9BDFF73A-A81F-4CAD-ACDB-AACB8E37D6B7}.Debug|Any CPU.Build.0 = Debug|Any CPU
		{9BDFF73A-A81F-4CAD-ACDB-AACB8E37D6B7}.Release|Any CPU.ActiveCfg = Release|Any CPU
		{9BDFF73A-A81F-4CAD-ACDB-AACB8E37D6B7}.Release|Any CPU.Build.0 = Release|Any CPU
		{136EDABC-5348-42D9-8A6B-A695126E38AE}.Debug|Any CPU.ActiveCfg = Debug|Any CPU
		{136EDABC-5348-42D9-8A6B-A695126E38AE}.Debug|Any CPU.Build.0 = Debug|Any CPU
		{136EDABC-5348-42D9-8A6B-A695126E38AE}.Release|Any CPU.ActiveCfg = Release|Any CPU
		{136EDABC-5348-42D9-8A6B-A695126E38AE}.Release|Any CPU.Build.0 = Release|Any CPU
		{964C680F-D4C8-422E-8621-26ED801AE19C}.Debug|Any CPU.ActiveCfg = Debug|Any CPU
		{964C680F-D4C8-422E-8621-26ED801AE19C}.Debug|Any CPU.Build.0 = Debug|Any CPU
		{964C680F-D4C8-422E-8621-26ED801AE19C}.Release|Any CPU.ActiveCfg = Release|Any CPU
		{964C680F-D4C8-422E-8621-26ED801AE19C}.Release|Any CPU.Build.0 = Release|Any CPU
	EndGlobalSection
	GlobalSection(SolutionProperties) = preSolution
		HideSolutionNode = FALSE
	EndGlobalSection
	GlobalSection(ExtensibilityGlobals) = postSolution
		SolutionGuid = {B7CB753F-2733-4D61-BDFE-AFF038339BE6}
	EndGlobalSection
EndGlobal
